
Microsoft Visual Studio Solution File, Format Version 12.00
# Visual Studio Version 17
VisualStudioVersion = 17.6.33815.320
MinimumVisualStudioVersion = 10.0.40219.1
Project("{FAE04EC0-301F-11D3-BF4B-00C04F79EFBC}") = "calculator", "calculator\calculator.csproj", "{4C1D7992-67DD-4A5F-8B5B-EAFA0DD13FAE}"
EndProject
Global
	GlobalSection(SolutionConfigurationPlatforms) = preSolution
		Debug|Any CPU = Debug|Any CPU
		Release|Any CPU = Release|Any CPU
	EndGlobalSection
	GlobalSection(ProjectConfigurationPlatforms) = postSolution
		{4C1D7992-67DD-4A5F-8B5B-EAFA0DD13FAE}.Debug|Any CPU.ActiveCfg = Debug|Any CPU
		{4C1D7992-67DD-4A5F-8B5B-EAFA0DD13FAE}.Debug|Any CPU.Build.0 = Debug|Any CPU
		{4C1D7992-67DD-4A5F-8B5B-EAFA0DD13FAE}.Release|Any CPU.ActiveCfg = Release|Any CPU
		{4C1D7992-67DD-4A5F-8B5B-EAFA0DD13FAE}.Release|Any CPU.Build.0 = Release|Any CPU
	EndGlobalSection
	GlobalSection(SolutionProperties) = preSolution
		HideSolutionNode = FALSE
	EndGlobalSection
	GlobalSection(ExtensibilityGlobals) = postSolution
		SolutionGuid = {69517D68-5E98-4C72-8AD5-6EBF9526F6E6}
	EndGlobalSection
EndGlobal
