
Microsoft Visual Studio Solution File, Format Version 12.00
# Visual Studio Version 17
VisualStudioVersion = 17.6.33815.320
MinimumVisualStudioVersion = 10.0.40219.1
Project("{FAE04EC0-301F-11D3-BF4B-00C04F79EFBC}") = "swapInArray", "swapInArray\swapInArray.csproj", "{C426F940-B7A6-46A8-8C02-9D1D4397103B}"
EndProject
Global
	GlobalSection(SolutionConfigurationPlatforms) = preSolution
		Debug|Any CPU = Debug|Any CPU
		Release|Any CPU = Release|Any CPU
	EndGlobalSection
	GlobalSection(ProjectConfigurationPlatforms) = postSolution
		{C426F940-B7A6-46A8-8C02-9D1D4397103B}.Debug|Any CPU.ActiveCfg = Debug|Any CPU
		{C426F940-B7A6-46A8-8C02-9D1D4397103B}.Debug|Any CPU.Build.0 = Debug|Any CPU
		{C426F940-B7A6-46A8-8C02-9D1D4397103B}.Release|Any CPU.ActiveCfg = Release|Any CPU
		{C426F940-B7A6-46A8-8C02-9D1D4397103B}.Release|Any CPU.Build.0 = Release|Any CPU
	EndGlobalSection
	GlobalSection(SolutionProperties) = preSolution
		HideSolutionNode = FALSE
	EndGlobalSection
	GlobalSection(ExtensibilityGlobals) = postSolution
		SolutionGuid = {C1AD8FF8-63DF-4FC3-B307-386CB89F5942}
	EndGlobalSection
EndGlobal
